
Microsoft Visual Studio Solution File, Format Version 12.00
# Visual Studio Version 17
VisualStudioVersion = 17.5.33502.453
MinimumVisualStudioVersion = 10.0.40219.1
Project("{FAE04EC0-301F-11D3-BF4B-00C04F79EFBC}") = "Horarios", "Horarios\Horarios.csproj", "{8C657CBD-6DCB-4B44-927F-2AD3AE3B1202}"
EndProject
Global
	GlobalSection(SolutionConfigurationPlatforms) = preSolution
		Debug|Any CPU = Debug|Any CPU
		Release|Any CPU = Release|Any CPU
	EndGlobalSection
	GlobalSection(ProjectConfigurationPlatforms) = postSolution
		{8C657CBD-6DCB-4B44-927F-2AD3AE3B1202}.Debug|Any CPU.ActiveCfg = Debug|Any CPU
		{8C657CBD-6DCB-4B44-927F-2AD3AE3B1202}.Debug|Any CPU.Build.0 = Debug|Any CPU
		{8C657CBD-6DCB-4B44-927F-2AD3AE3B1202}.Release|Any CPU.ActiveCfg = Release|Any CPU
		{8C657CBD-6DCB-4B44-927F-2AD3AE3B1202}.Release|Any CPU.Build.0 = Release|Any CPU
	EndGlobalSection
	GlobalSection(SolutionProperties) = preSolution
		HideSolutionNode = FALSE
	EndGlobalSection
	GlobalSection(ExtensibilityGlobals) = postSolution
		SolutionGuid = {B4EE2ECA-844C-4181-B958-CD23F7AB1025}
	EndGlobalSection
EndGlobal
